// !$*UTF8*$!
{
	archiveVersion = 1;
	classes = {
	};
	objectVersion = 51;
	objects = {

/* Begin PBXBuildFile section */
		38A9F87823BF1CFA001CFD50 /* AppDelegate.m in Sources */ = {isa = PBXBuildFile; fileRef = 38A9F87723BF1CFA001CFD50 /* AppDelegate.m */; };
		38A9F87B23BF1CFA001CFD50 /* SceneDelegate.m in Sources */ = {isa = PBXBuildFile; fileRef = 38A9F87A23BF1CFA001CFD50 /* SceneDelegate.m */; };
		38A9F87E23BF1CFA001CFD50 /* ViewController.m in Sources */ = {isa = PBXBuildFile; fileRef = 38A9F87D23BF1CFA001CFD50 /* ViewController.m */; };
		38A9F88123BF1CFA001CFD50 /* Main.storyboard in Resources */ = {isa = PBXBuildFile; fileRef = 38A9F87F23BF1CFA001CFD50 /* Main.storyboard */; };
		38A9F88323BF1CFC001CFD50 /* Assets.xcassets in Resources */ = {isa = PBXBuildFile; fileRef = 38A9F88223BF1CFC001CFD50 /* Assets.xcassets */; };
		38A9F88623BF1CFC001CFD50 /* LaunchScreen.storyboard in Resources */ = {isa = PBXBuildFile; fileRef = 38A9F88423BF1CFC001CFD50 /* LaunchScreen.storyboard */; };
		38A9F88923BF1CFC001CFD50 /* main.m in Sources */ = {isa = PBXBuildFile; fileRef = 38A9F88823BF1CFC001CFD50 /* main.m */; };
		38A9F8B223BF2370001CFD50 /* NGiOSBase.framework in Frameworks */ = {isa = PBXBuildFile; fileRef = 38A9F8B023BF234C001CFD50 /* NGiOSBase.framework */; };
		B3F844A3FF361144F3D5B4AE /* Pods_NGiOSDemo.framework in Frameworks */ = {isa = PBXBuildFile; fileRef = CEFCCE63F86AD468FB6E59F4 /* Pods_NGiOSDemo.framework */; };
/* End PBXBuildFile section */

/* Begin PBXFileReference section */
		38A9F87323BF1CFA001CFD50 /* NGiOSDemo.app */ = {isa = PBXFileReference; explicitFileType = wrapper.application; includeInIndex = 0; path = NGiOSDemo.app; sourceTree = BUILT_PRODUCTS_DIR; };
		38A9F87623BF1CFA001CFD50 /* AppDelegate.h */ = {isa = PBXFileReference; lastKnownFileType = sourcecode.c.h; path = AppDelegate.h; sourceTree = "<group>"; };
		38A9F87723BF1CFA001CFD50 /* AppDelegate.m */ = {isa = PBXFileReference; lastKnownFileType = sourcecode.c.objc; path = AppDelegate.m; sourceTree = "<group>"; };
		38A9F87923BF1CFA001CFD50 /* SceneDelegate.h */ = {isa = PBXFileReference; lastKnownFileType = sourcecode.c.h; path = SceneDelegate.h; sourceTree = "<group>"; };
		38A9F87A23BF1CFA001CFD50 /* SceneDelegate.m */ = {isa = PBXFileReference; lastKnownFileType = sourcecode.c.objc; path = SceneDelegate.m; sourceTree = "<group>"; };
		38A9F87C23BF1CFA001CFD50 /* ViewController.h */ = {isa = PBXFileReference; lastKnownFileType = sourcecode.c.h; path = ViewController.h; sourceTree = "<group>"; };
		38A9F87D23BF1CFA001CFD50 /* ViewController.m */ = {isa = PBXFileReference; lastKnownFileType = sourcecode.c.objc; path = ViewController.m; sourceTree = "<group>"; };
		38A9F88023BF1CFA001CFD50 /* Base */ = {isa = PBXFileReference; lastKnownFileType = file.storyboard; name = Base; path = Base.lproj/Main.storyboard; sourceTree = "<group>"; };
		38A9F88223BF1CFC001CFD50 /* Assets.xcassets */ = {isa = PBXFileReference; lastKnownFileType = folder.assetcatalog; path = Assets.xcassets; sourceTree = "<group>"; };
		38A9F88523BF1CFC001CFD50 /* Base */ = {isa = PBXFileReference; lastKnownFileType = file.storyboard; name = Base; path = Base.lproj/LaunchScreen.storyboard; sourceTree = "<group>"; };
		38A9F88723BF1CFC001CFD50 /* Info.plist */ = {isa = PBXFileReference; lastKnownFileType = text.plist.xml; path = Info.plist; sourceTree = "<group>"; };
		38A9F88823BF1CFC001CFD50 /* main.m */ = {isa = PBXFileReference; lastKnownFileType = sourcecode.c.objc; path = main.m; sourceTree = "<group>"; };
		38A9F8A823BF2300001CFD50 /* NGiOSBase.framework */ = {isa = PBXFileReference; explicitFileType = wrapper.framework; path = NGiOSBase.framework; sourceTree = BUILT_PRODUCTS_DIR; };
		38A9F8AA23BF2309001CFD50 /* Pods_NGiOSBase.framework */ = {isa = PBXFileReference; explicitFileType = wrapper.framework; path = Pods_NGiOSBase.framework; sourceTree = BUILT_PRODUCTS_DIR; };
		38A9F8AC23BF2323001CFD50 /* NGiOSBase.framework */ = {isa = PBXFileReference; explicitFileType = wrapper.framework; path = NGiOSBase.framework; sourceTree = BUILT_PRODUCTS_DIR; };
		38A9F8AE23BF232B001CFD50 /* Pods_NGiOSBase.framework */ = {isa = PBXFileReference; explicitFileType = wrapper.framework; path = Pods_NGiOSBase.framework; sourceTree = BUILT_PRODUCTS_DIR; };
		38A9F8B023BF234C001CFD50 /* NGiOSBase.framework */ = {isa = PBXFileReference; explicitFileType = wrapper.framework; path = NGiOSBase.framework; sourceTree = BUILT_PRODUCTS_DIR; };
		6A465E772E2D13AEEE95B0ED /* Pods-NGiOSDemo.release.xcconfig */ = {isa = PBXFileReference; includeInIndex = 1; lastKnownFileType = text.xcconfig; name = "Pods-NGiOSDemo.release.xcconfig"; path = "Target Support Files/Pods-NGiOSDemo/Pods-NGiOSDemo.release.xcconfig"; sourceTree = "<group>"; };
		CEFCCE63F86AD468FB6E59F4 /* Pods_NGiOSDemo.framework */ = {isa = PBXFileReference; explicitFileType = wrapper.framework; includeInIndex = 0; path = Pods_NGiOSDemo.framework; sourceTree = BUILT_PRODUCTS_DIR; };
		DEF8BD3CA7FBF87B7A8FBD7D /* Pods-NGiOSDemo.debug.xcconfig */ = {isa = PBXFileReference; includeInIndex = 1; lastKnownFileType = text.xcconfig; name = "Pods-NGiOSDemo.debug.xcconfig"; path = "Target Support Files/Pods-NGiOSDemo/Pods-NGiOSDemo.debug.xcconfig"; sourceTree = "<group>"; };
/* End PBXFileReference section */

/* Begin PBXFrameworksBuildPhase section */
		38A9F87023BF1CFA001CFD50 /* Frameworks */ = {
			isa = PBXFrameworksBuildPhase;
			buildActionMask = 2147483647;
			files = (
				38A9F8B223BF2370001CFD50 /* NGiOSBase.framework in Frameworks */,
				B3F844A3FF361144F3D5B4AE /* Pods_NGiOSDemo.framework in Frameworks */,
			);
			runOnlyForDeploymentPostprocessing = 0;
		};
/* End PBXFrameworksBuildPhase section */

/* Begin PBXGroup section */
		38A9F86A23BF1CFA001CFD50 = {
			isa = PBXGroup;
			children = (
				38A9F87523BF1CFA001CFD50 /* NGiOSDemo */,
				38A9F87423BF1CFA001CFD50 /* Products */,
				3E31B9A7E9EE45BD57B7A35A /* Pods */,
				C38B0289259B04C204C88EA8 /* Frameworks */,
			);
			sourceTree = "<group>";
		};
		38A9F87423BF1CFA001CFD50 /* Products */ = {
			isa = PBXGroup;
			children = (
				38A9F87323BF1CFA001CFD50 /* NGiOSDemo.app */,
			);
			name = Products;
			sourceTree = "<group>";
		};
		38A9F87523BF1CFA001CFD50 /* NGiOSDemo */ = {
			isa = PBXGroup;
			children = (
				38A9F87623BF1CFA001CFD50 /* AppDelegate.h */,
				38A9F87723BF1CFA001CFD50 /* AppDelegate.m */,
				38A9F87923BF1CFA001CFD50 /* SceneDelegate.h */,
				38A9F87A23BF1CFA001CFD50 /* SceneDelegate.m */,
				38A9F87C23BF1CFA001CFD50 /* ViewController.h */,
				38A9F87D23BF1CFA001CFD50 /* ViewController.m */,
				38A9F87F23BF1CFA001CFD50 /* Main.storyboard */,
				38A9F88223BF1CFC001CFD50 /* Assets.xcassets */,
				38A9F88423BF1CFC001CFD50 /* LaunchScreen.storyboard */,
				38A9F88723BF1CFC001CFD50 /* Info.plist */,
				38A9F88823BF1CFC001CFD50 /* main.m */,
			);
			path = NGiOSDemo;
			sourceTree = "<group>";
		};
		3E31B9A7E9EE45BD57B7A35A /* Pods */ = {
			isa = PBXGroup;
			children = (
				DEF8BD3CA7FBF87B7A8FBD7D /* Pods-NGiOSDemo.debug.xcconfig */,
				6A465E772E2D13AEEE95B0ED /* Pods-NGiOSDemo.release.xcconfig */,
			);
			name = Pods;
			path = ../Pods/Pods;
			sourceTree = "<group>";
		};
		C38B0289259B04C204C88EA8 /* Frameworks */ = {
			isa = PBXGroup;
			children = (
				38A9F8B023BF234C001CFD50 /* NGiOSBase.framework */,
				38A9F8AE23BF232B001CFD50 /* Pods_NGiOSBase.framework */,
				38A9F8AC23BF2323001CFD50 /* NGiOSBase.framework */,
				38A9F8AA23BF2309001CFD50 /* Pods_NGiOSBase.framework */,
				38A9F8A823BF2300001CFD50 /* NGiOSBase.framework */,
				CEFCCE63F86AD468FB6E59F4 /* Pods_NGiOSDemo.framework */,
			);
			name = Frameworks;
			sourceTree = "<group>";
		};
/* End PBXGroup section */

/* Begin PBXNativeTarget section */
		38A9F87223BF1CFA001CFD50 /* NGiOSDemo */ = {
			isa = PBXNativeTarget;
			buildConfigurationList = 38A9F88C23BF1CFC001CFD50 /* Build configuration list for PBXNativeTarget "NGiOSDemo" */;
			buildPhases = (
				97846FB63FE723F14E4CBCE4 /* [CP] Check Pods Manifest.lock */,
				38A9F86F23BF1CFA001CFD50 /* Sources */,
				38A9F87023BF1CFA001CFD50 /* Frameworks */,
				38A9F87123BF1CFA001CFD50 /* Resources */,
				AC5695244B9A017875E82311 /* [CP] Embed Pods Frameworks */,
			);
			buildRules = (
			);
			dependencies = (
			);
			name = NGiOSDemo;
			productName = NGiOSDemo;
			productReference = 38A9F87323BF1CFA001CFD50 /* NGiOSDemo.app */;
			productType = "com.apple.product-type.application";
		};
/* End PBXNativeTarget section */

/* Begin PBXProject section */
		38A9F86B23BF1CFA001CFD50 /* Project object */ = {
			isa = PBXProject;
			attributes = {
				LastUpgradeCheck = 1130;
				ORGANIZATIONNAME = NGiOS;
				TargetAttributes = {
					38A9F87223BF1CFA001CFD50 = {
						CreatedOnToolsVersion = 11.3;
					};
				};
			};
			buildConfigurationList = 38A9F86E23BF1CFA001CFD50 /* Build configuration list for PBXProject "NGiOSDemo" */;
			compatibilityVersion = "Xcode 9.3";
			developmentRegion = en;
			hasScannedForEncodings = 0;
			knownRegions = (
				en,
				Base,
			);
			mainGroup = 38A9F86A23BF1CFA001CFD50;
			productRefGroup = 38A9F87423BF1CFA001CFD50 /* Products */;
			projectDirPath = "";
			projectRoot = "";
			targets = (
				38A9F87223BF1CFA001CFD50 /* NGiOSDemo */,
			);
		};
/* End PBXProject section */

/* Begin PBXResourcesBuildPhase section */
		38A9F87123BF1CFA001CFD50 /* Resources */ = {
			isa = PBXResourcesBuildPhase;
			buildActionMask = 2147483647;
			files = (
				38A9F88623BF1CFC001CFD50 /* LaunchScreen.storyboard in Resources */,
				38A9F88323BF1CFC001CFD50 /* Assets.xcassets in Resources */,
				38A9F88123BF1CFA001CFD50 /* Main.storyboard in Resources */,
			);
			runOnlyForDeploymentPostprocessing = 0;
		};
/* End PBXResourcesBuildPhase section */

/* Begin PBXShellScriptBuildPhase section */
		97846FB63FE723F14E4CBCE4 /* [CP] Check Pods Manifest.lock */ = {
			isa = PBXShellScriptBuildPhase;
			buildActionMask = 2147483647;
			files = (
			);
			inputFileListPaths = (
			);
			inputPaths = (
				"${PODS_PODFILE_DIR_PATH}/Podfile.lock",
				"${PODS_ROOT}/Manifest.lock",
			);
			name = "[CP] Check Pods Manifest.lock";
			outputFileListPaths = (
			);
			outputPaths = (
				"$(DERIVED_FILE_DIR)/Pods-NGiOSDemo-checkManifestLockResult.txt",
			);
			runOnlyForDeploymentPostprocessing = 0;
			shellPath = /bin/sh;
			shellScript = "diff \"${PODS_PODFILE_DIR_PATH}/Podfile.lock\" \"${PODS_ROOT}/Manifest.lock\" > /dev/null\nif [ $? != 0 ] ; then\n    # print error to STDERR\n    echo \"error: The sandbox is not in sync with the Podfile.lock. Run 'pod install' or update your CocoaPods installation.\" >&2\n    exit 1\nfi\n# This output is used by Xcode 'outputs' to avoid re-running this script phase.\necho \"SUCCESS\" > \"${SCRIPT_OUTPUT_FILE_0}\"\n";
			showEnvVarsInLog = 0;
		};
		AC5695244B9A017875E82311 /* [CP] Embed Pods Frameworks */ = {
			isa = PBXShellScriptBuildPhase;
			buildActionMask = 2147483647;
			files = (
			);
			inputFileListPaths = (
				"${PODS_ROOT}/Target Support Files/Pods-NGiOSDemo/Pods-NGiOSDemo-frameworks-${CONFIGURATION}-input-files.xcfilelist",
			);
			name = "[CP] Embed Pods Frameworks";
			outputFileListPaths = (
				"${PODS_ROOT}/Target Support Files/Pods-NGiOSDemo/Pods-NGiOSDemo-frameworks-${CONFIGURATION}-output-files.xcfilelist",
			);
			runOnlyForDeploymentPostprocessing = 0;
			shellPath = /bin/sh;
			shellScript = "\"${PODS_ROOT}/Target Support Files/Pods-NGiOSDemo/Pods-NGiOSDemo-frameworks.sh\"\n";
			showEnvVarsInLog = 0;
		};
/* End PBXShellScriptBuildPhase section */

/* Begin PBXSourcesBuildPhase section */
		38A9F86F23BF1CFA001CFD50 /* Sources */ = {
			isa = PBXSourcesBuildPhase;
			buildActionMask = 2147483647;
			files = (
				38A9F87E23BF1CFA001CFD50 /* ViewController.m in Sources */,
				38A9F87823BF1CFA001CFD50 /* AppDelegate.m in Sources */,
				38A9F88923BF1CFC001CFD50 /* main.m in Sources */,
				38A9F87B23BF1CFA001CFD50 /* SceneDelegate.m in Sources */,
			);
			runOnlyForDeploymentPostprocessing = 0;
		};
/* End PBXSourcesBuildPhase section */

/* Begin PBXVariantGroup section */
		38A9F87F23BF1CFA001CFD50 /* Main.storyboard */ = {
			isa = PBXVariantGroup;
			children = (
				38A9F88023BF1CFA001CFD50 /* Base */,
			);
			name = Main.storyboard;
			sourceTree = "<group>";
		};
		38A9F88423BF1CFC001CFD50 /* LaunchScreen.storyboard */ = {
			isa = PBXVariantGroup;
			children = (
				38A9F88523BF1CFC001CFD50 /* Base */,
			);
			name = LaunchScreen.storyboard;
			sourceTree = "<group>";
		};
/* End PBXVariantGroup section */

/* Begin XCBuildConfiguration section */
		38A9F88A23BF1CFC001CFD50 /* Debug */ = {
			isa = XCBuildConfiguration;
			buildSettings = {
				ALWAYS_SEARCH_USER_PATHS = NO;
				CLANG_ANALYZER_NONNULL = YES;
				CLANG_ANALYZER_NUMBER_OBJECT_CONVERSION = YES_AGGRESSIVE;
				CLANG_CXX_LANGUAGE_STANDARD = "gnu++14";
				CLANG_CXX_LIBRARY = "libc++";
				CLANG_ENABLE_MODULES = YES;
				CLANG_ENABLE_OBJC_ARC = YES;
				CLANG_ENABLE_OBJC_WEAK = YES;
				CLANG_WARN_BLOCK_CAPTURE_AUTORELEASING = YES;
				CLANG_WARN_BOOL_CONVERSION = YES;
				CLANG_WARN_COMMA = YES;
				CLANG_WARN_CONSTANT_CONVERSION = YES;
				CLANG_WARN_DEPRECATED_OBJC_IMPLEMENTATIONS = YES;
				CLANG_WARN_DIRECT_OBJC_ISA_USAGE = YES_ERROR;
				CLANG_WARN_DOCUMENTATION_COMMENTS = YES;
				CLANG_WARN_EMPTY_BODY = YES;
				CLANG_WARN_ENUM_CONVERSION = YES;
				CLANG_WARN_INFINITE_RECURSION = YES;
				CLANG_WARN_INT_CONVERSION = YES;
				CLANG_WARN_NON_LITERAL_NULL_CONVERSION = YES;
				CLANG_WARN_OBJC_IMPLICIT_RETAIN_SELF = YES;
				CLANG_WARN_OBJC_LITERAL_CONVERSION = YES;
				CLANG_WARN_OBJC_ROOT_CLASS = YES_ERROR;
				CLANG_WARN_RANGE_LOOP_ANALYSIS = YES;
				CLANG_WARN_STRICT_PROTOTYPES = YES;
				CLANG_WARN_SUSPICIOUS_MOVE = YES;
				CLANG_WARN_UNGUARDED_AVAILABILITY = YES_AGGRESSIVE;
				CLANG_WARN_UNREACHABLE_CODE = YES;
				CLANG_WARN__DUPLICATE_METHOD_MATCH = YES;
				COPY_PHASE_STRIP = NO;
				DEBUG_INFORMATION_FORMAT = dwarf;
				ENABLE_STRICT_OBJC_MSGSEND = YES;
				ENABLE_TESTABILITY = YES;
				GCC_C_LANGUAGE_STANDARD = gnu11;
				GCC_DYNAMIC_NO_PIC = NO;
				GCC_NO_COMMON_BLOCKS = YES;
				GCC_OPTIMIZATION_LEVEL = 0;
				GCC_PREPROCESSOR_DEFINITIONS = (
					"DEBUG=1",
					"$(inherited)",
				);
				GCC_WARN_64_TO_32_BIT_CONVERSION = YES;
				GCC_WARN_ABOUT_RETURN_TYPE = YES_ERROR;
				GCC_WARN_UNDECLARED_SELECTOR = YES;
				GCC_WARN_UNINITIALIZED_AUTOS = YES_AGGRESSIVE;
				GCC_WARN_UNUSED_FUNCTION = YES;
				GCC_WARN_UNUSED_VARIABLE = YES;
				IPHONEOS_DEPLOYMENT_TARGET = 13.2;
				MTL_ENABLE_DEBUG_INFO = INCLUDE_SOURCE;
				MTL_FAST_MATH = YES;
				ONLY_ACTIVE_ARCH = YES;
				SDKROOT = iphoneos;
			};
			name = Debug;
		};
		38A9F88B23BF1CFC001CFD50 /* Release */ = {
			isa = XCBuildConfiguration;
			buildSettings = {
				ALWAYS_SEARCH_USER_PATHS = NO;
				CLANG_ANALYZER_NONNULL = YES;
				CLANG_ANALYZER_NUMBER_OBJECT_CONVERSION = YES_AGGRESSIVE;
				CLANG_CXX_LANGUAGE_STANDARD = "gnu++14";
				CLANG_CXX_LIBRARY = "libc++";
				CLANG_ENABLE_MODULES = YES;
				CLANG_ENABLE_OBJC_ARC = YES;
				CLANG_ENABLE_OBJC_WEAK = YES;
				CLANG_WARN_BLOCK_CAPTURE_AUTORELEASING = YES;
				CLANG_WARN_BOOL_CONVERSION = YES;
				CLANG_WARN_COMMA = YES;
				CLANG_WARN_CONSTANT_CONVERSION = YES;
				CLANG_WARN_DEPRECATED_OBJC_IMPLEMENTATIONS = YES;
				CLANG_WARN_DIRECT_OBJC_ISA_USAGE = YES_ERROR;
				CLANG_WARN_DOCUMENTATION_COMMENTS = YES;
				CLANG_WARN_EMPTY_BODY = YES;
				CLANG_WARN_ENUM_CONVERSION = YES;
				CLANG_WARN_INFINITE_RECURSION = YES;
				CLANG_WARN_INT_CONVERSION = YES;
				CLANG_WARN_NON_LITERAL_NULL_CONVERSION = YES;
				CLANG_WARN_OBJC_IMPLICIT_RETAIN_SELF = YES;
				CLANG_WARN_OBJC_LITERAL_CONVERSION = YES;
				CLANG_WARN_OBJC_ROOT_CLASS = YES_ERROR;
				CLANG_WARN_RANGE_LOOP_ANALYSIS = YES;
				CLANG_WARN_STRICT_PROTOTYPES = YES;
				CLANG_WARN_SUSPICIOUS_MOVE = YES;
				CLANG_WARN_UNGUARDED_AVAILABILITY = YES_AGGRESSIVE;
				CLANG_WARN_UNREACHABLE_CODE = YES;
				CLANG_WARN__DUPLICATE_METHOD_MATCH = YES;
				COPY_PHASE_STRIP = NO;
				DEBUG_INFORMATION_FORMAT = "dwarf-with-dsym";
				ENABLE_NS_ASSERTIONS = NO;
				ENABLE_STRICT_OBJC_MSGSEND = YES;
				GCC_C_LANGUAGE_STANDARD = gnu11;
				GCC_NO_COMMON_BLOCKS = YES;
				GCC_WARN_64_TO_32_BIT_CONVERSION = YES;
				GCC_WARN_ABOUT_RETURN_TYPE = YES_ERROR;
				GCC_WARN_UNDECLARED_SELECTOR = YES;
				GCC_WARN_UNINITIALIZED_AUTOS = YES_AGGRESSIVE;
				GCC_WARN_UNUSED_FUNCTION = YES;
				GCC_WARN_UNUSED_VARIABLE = YES;
				IPHONEOS_DEPLOYMENT_TARGET = 13.2;
				MTL_ENABLE_DEBUG_INFO = NO;
				MTL_FAST_MATH = YES;
				SDKROOT = iphoneos;
				VALIDATE_PRODUCT = YES;
			};
			name = Release;
		};
		38A9F88D23BF1CFC001CFD50 /* Debug */ = {
			isa = XCBuildConfiguration;
			baseConfigurationReference = DEF8BD3CA7FBF87B7A8FBD7D /* Pods-NGiOSDemo.debug.xcconfig */;
			buildSettings = {
				ASSETCATALOG_COMPILER_APPICON_NAME = AppIcon;
				CODE_SIGN_STYLE = Automatic;
				DEVELOPMENT_TEAM = 7XV5NKQSCC;
				INFOPLIST_FILE = NGiOSDemo/Info.plist;
				LD_RUNPATH_SEARCH_PATHS = (
					"$(inherited)",
					"@executable_path/Frameworks",
				);
				PRODUCT_BUNDLE_IDENTIFIER = com.mrxc.ngiOSDemo.NGiOSDemo;
				PRODUCT_NAME = "$(TARGET_NAME)";
				TARGETED_DEVICE_FAMILY = "1,2";
			};
			name = Debug;
		};
		38A9F88E23BF1CFC001CFD50 /* Release */ = {
			isa = XCBuildConfiguration;
			baseConfigurationReference = 6A465E772E2D13AEEE95B0ED /* Pods-NGiOSDemo.release.xcconfig */;
			buildSettings = {
				ASSETCATALOG_COMPILER_APPICON_NAME = AppIcon;
				CODE_SIGN_STYLE = Automatic;
				DEVELOPMENT_TEAM = 7XV5NKQSCC;
				INFOPLIST_FILE = NGiOSDemo/Info.plist;
				LD_RUNPATH_SEARCH_PATHS = (
					"$(inherited)",
					"@executable_path/Frameworks",
				);
				PRODUCT_BUNDLE_IDENTIFIER = com.mrxc.ngiOSDemo.NGiOSDemo;
				PRODUCT_NAME = "$(TARGET_NAME)";
				TARGETED_DEVICE_FAMILY = "1,2";
			};
			name = Release;
		};
/* End XCBuildConfiguration section */

/* Begin XCConfigurationList section */
		38A9F86E23BF1CFA001CFD50 /* Build configuration list for PBXProject "NGiOSDemo" */ = {
			isa = XCConfigurationList;
			buildConfigurations = (
				38A9F88A23BF1CFC001CFD50 /* Debug */,
				38A9F88B23BF1CFC001CFD50 /* Release */,
			);
			defaultConfigurationIsVisible = 0;
			defaultConfigurationName = Release;
		};
		38A9F88C23BF1CFC001CFD50 /* Build configuration list for PBXNativeTarget "NGiOSDemo" */ = {
			isa = XCConfigurationList;
			buildConfigurations = (
				38A9F88D23BF1CFC001CFD50 /* Debug */,
				38A9F88E23BF1CFC001CFD50 /* Release */,
			);
			defaultConfigurationIsVisible = 0;
			defaultConfigurationName = Release;
		};
/* End XCConfigurationList section */
	};
	rootObject = 38A9F86B23BF1CFA001CFD50 /* Project object */;
}
